dependencies:
- name: base
  repository: https://istio-release.storage.googleapis.com/charts
  version: 1.26.4
- name: istiod
  repository: https://istio-release.storage.googleapis.com/charts
  version: 1.26.4
digest: sha256:baa78573b073977b39c6ec8159b880eb1bacdf08160a06d41883e0ee26991f00
generated: "2026-05-02T21:26:46.90919803-04:00"
